
Microsoft Visual Studio Solution File, Format Version 12.00
# Visual Studio Version 17
VisualStudioVersion = 17.7.34018.315
MinimumVisualStudioVersion = 10.0.40219.1
Project("{FAE04EC0-301F-11D3-BF4B-00C04F79EFBC}") = "ManejoDeArchivos", "ManejoDeArchivos\ManejoDeArchivos.csproj", "{A30EE0D7-0BCB-42DF-820C-6DC971D242B2}"
EndProject
Global
	GlobalSection(SolutionConfigurationPlatforms) = preSolution
		Debug|Any CPU = Debug|Any CPU
		Release|Any CPU = Release|Any CPU
	EndGlobalSection
	GlobalSection(ProjectConfigurationPlatforms) = postSolution
		{A30EE0D7-0BCB-42DF-820C-6DC971D242B2}.Debug|Any CPU.ActiveCfg = Debug|Any CPU
		{A30EE0D7-0BCB-42DF-820C-6DC971D242B2}.Debug|Any CPU.Build.0 = Debug|Any CPU
		{A30EE0D7-0BCB-42DF-820C-6DC971D242B2}.Release|Any CPU.ActiveCfg = Release|Any CPU
		{A30EE0D7-0BCB-42DF-820C-6DC971D242B2}.Release|Any CPU.Build.0 = Release|Any CPU
	EndGlobalSection
	GlobalSection(SolutionProperties) = preSolution
		HideSolutionNode = FALSE
	EndGlobalSection
	GlobalSection(ExtensibilityGlobals) = postSolution
		SolutionGuid = {C0B06890-5682-4EF0-BFAD-80171B4762D0}
	EndGlobalSection
EndGlobal
